
Microsoft Visual Studio Solution File, Format Version 12.00
# Visual Studio Version 16
VisualStudioVersion = 16.0.33130.400
MinimumVisualStudioVersion = 10.0.40219.1
Project("{FAE04EC0-301F-11D3-BF4B-00C04F79EFBC}") = "eCommerceApp", "eCommerceApp\eCommerceApp.csproj", "{5D740627-92D0-4180-8D4D-E40F3A5AF4C6}"
EndProject
Global
	GlobalSection(SolutionConfigurationPlatforms) = preSolution
		Debug|Any CPU = Debug|Any CPU
		Release|Any CPU = Release|Any CPU
	EndGlobalSection
	GlobalSection(ProjectConfigurationPlatforms) = postSolution
		{5D740627-92D0-4180-8D4D-E40F3A5AF4C6}.Debug|Any CPU.ActiveCfg = Debug|Any CPU
		{5D740627-92D0-4180-8D4D-E40F3A5AF4C6}.Debug|Any CPU.Build.0 = Debug|Any CPU
		{5D740627-92D0-4180-8D4D-E40F3A5AF4C6}.Release|Any CPU.ActiveCfg = Release|Any CPU
		{5D740627-92D0-4180-8D4D-E40F3A5AF4C6}.Release|Any CPU.Build.0 = Release|Any CPU
	EndGlobalSection
	GlobalSection(SolutionProperties) = preSolution
		HideSolutionNode = FALSE
	EndGlobalSection
	GlobalSection(ExtensibilityGlobals) = postSolution
		SolutionGuid = {EF69D8EF-3F73-4487-A0DE-21041B0AFDC9}
	EndGlobalSection
EndGlobal
